
Microsoft Visual Studio Solution File, Format Version 12.00
# Visual Studio Version 16
VisualStudioVersion = 16.0.31424.327
MinimumVisualStudioVersion = 10.0.40219.1
Project("{FAE04EC0-301F-11D3-BF4B-00C04F79EFBC}") = "Server", "Server\Server.csproj", "{FEFBFFAD-258D-471C-8882-D9A0EF32507F}"
EndProject
Project("{FAE04EC0-301F-11D3-BF4B-00C04F79EFBC}") = "ServerCore", "ServerCore\ServerCore.csproj", "{766D758A-5E8A-4D32-8273-2D180E913F50}"
EndProject
Project("{FAE04EC0-301F-11D3-BF4B-00C04F79EFBC}") = "DummyClient", "DummyClient\DummyClient.csproj", "{DD11583C-B03B-4C41-A3A5-C9CB3A675734}"
EndProject
Global
	GlobalSection(SolutionConfigurationPlatforms) = preSolution
		Debug|Any CPU = Debug|Any CPU
		Release|Any CPU = Release|Any CPU
	EndGlobalSection
	GlobalSection(ProjectConfigurationPlatforms) = postSolution
		{FEFBFFAD-258D-471C-8882-D9A0EF32507F}.Debug|Any CPU.ActiveCfg = Debug|Any CPU
		{FEFBFFAD-258D-471C-8882-D9A0EF32507F}.Debug|Any CPU.Build.0 = Debug|Any CPU
		{FEFBFFAD-258D-471C-8882-D9A0EF32507F}.Release|Any CPU.ActiveCfg = Release|Any CPU
		{FEFBFFAD-258D-471C-8882-D9A0EF32507F}.Release|Any CPU.Build.0 = Release|Any CPU
		{766D758A-5E8A-4D32-8273-2D180E913F50}.Debug|Any CPU.ActiveCfg = Debug|Any CPU
		{766D758A-5E8A-4D32-8273-2D180E913F50}.Debug|Any CPU.Build.0 = Debug|Any CPU
		{766D758A-5E8A-4D32-8273-2D180E913F50}.Release|Any CPU.ActiveCfg = Release|Any CPU
		{766D758A-5E8A-4D32-8273-2D180E913F50}.Release|Any CPU.Build.0 = Release|Any CPU
		{DD11583C-B03B-4C41-A3A5-C9CB3A675734}.Debug|Any CPU.ActiveCfg = Debug|Any CPU
		{DD11583C-B03B-4C41-A3A5-C9CB3A675734}.Debug|Any CPU.Build.0 = Debug|Any CPU
		{DD11583C-B03B-4C41-A3A5-C9CB3A675734}.Release|Any CPU.ActiveCfg = Release|Any CPU
		{DD11583C-B03B-4C41-A3A5-C9CB3A675734}.Release|Any CPU.Build.0 = Release|Any CPU
	EndGlobalSection
	GlobalSection(SolutionProperties) = preSolution
		HideSolutionNode = FALSE
	EndGlobalSection
	GlobalSection(ExtensibilityGlobals) = postSolution
		SolutionGuid = {F8846833-4D06-4A25-9F8B-884FE7BD6833}
	EndGlobalSection
EndGlobal
